<?xml version="1.0" encoding="utf-8"?>
<Project ToolsVersion="4.0" xmlns="http://schemas.microsoft.com/developer/msbuild/2003">
  <ItemGroup>
    <Filter Include="源文件">
      <UniqueIdentifier>{4FC737F1-C7A5-4376-A066-2A32D752A2FF}</UniqueIdentifier>
      <Extensions>cpp;c;cc;cxx;c++;cppm;ixx;def;odl;idl;hpj;bat;asm;asmx</Extensions>
    </Filter>
    <Filter Include="头文件">
      <UniqueIdentifier>{93995380-89BD-4b04-88EB-625FBE52EBFB}</UniqueIdentifier>
      <Extensions>h;hh;hpp;hxx;h++;hm;inl;inc;ipp;xsd</Extensions>
    </Filter>
    <Filter Include="资源文件">
      <UniqueIdentifier>{67DA6AB6-F800-4c08-8B7A-83BB121AAD01}</UniqueIdentifier>
      <Extensions>rc;ico;cur;bmp;dlg;rc2;rct;bin;rgs;gif;jpg;jpeg;jpe;resx;tiff;tif;png;wav;mfcribbon-ms</Extensions>
    </Filter>
  </ItemGroup>
  <ItemGroup>
    <ClCompile Include="01 函数模板.cpp">
      <Filter>源文件</Filter>
    </ClCompile>
    <ClCompile Include="02 函数模板案例.cpp">
      <Filter>源文件</Filter>
    </ClCompile>
    <ClCompile Include="03 普通函数与函数模板的区别.cpp">
      <Filter>源文件</Filter>
    </ClCompile>
    <ClCompile Include="04 类模板.cpp">
      <Filter>源文件</Filter>
    </ClCompile>
    <ClCompile Include="05 类模板对象做函数参数.cpp">
      <Filter>源文件</Filter>
    </ClCompile>
    <ClCompile Include="06 类模板与继承.cpp">
      <Filter>源文件</Filter>
    </ClCompile>
    <ClCompile Include="07 类模板成员函数类外实现.cpp">
      <Filter>源文件</Filter>
    </ClCompile>
    <ClCompile Include="08 STL初识-vector存放内置数据类型.cpp">
      <Filter>源文件</Filter>
    </ClCompile>
    <ClCompile Include="09 STL初识-vector存放自定义数据类型.cpp">
      <Filter>源文件</Filter>
    </ClCompile>
    <ClCompile Include="10 STL初识_容器嵌套容器.cpp">
      <Filter>源文件</Filter>
    </ClCompile>
    <ClCompile Include="11 string基本.cpp">
      <Filter>源文件</Filter>
    </ClCompile>
    <ClCompile Include="12 string查找和替换.cpp">
      <Filter>源文件</Filter>
    </ClCompile>
    <ClCompile Include="13 string字符串比较.cpp">
      <Filter>源文件</Filter>
    </ClCompile>
    <ClCompile Include="14 string字符存取.cpp">
      <Filter>源文件</Filter>
    </ClCompile>
    <ClCompile Include="15 string插入和删除.cpp">
      <Filter>源文件</Filter>
    </ClCompile>
    <ClCompile Include="16 string字串获取.cpp">
      <Filter>源文件</Filter>
    </ClCompile>
    <ClCompile Include="17 vector构造与赋值.cpp">
      <Filter>源文件</Filter>
    </ClCompile>
    <ClCompile Include="18 vector容量和大小.cpp">
      <Filter>源文件</Filter>
    </ClCompile>
    <ClCompile Include="19 vector插入和删除.cpp">
      <Filter>源文件</Filter>
    </ClCompile>
    <ClCompile Include="20 vector数据存取.cpp">
      <Filter>源文件</Filter>
    </ClCompile>
    <ClCompile Include="21 vector容器互换.cpp">
      <Filter>源文件</Filter>
    </ClCompile>
    <ClCompile Include="22 vector预留空间.cpp">
      <Filter>源文件</Filter>
    </ClCompile>
    <ClCompile Include="23 deque基本.cpp">
      <Filter>源文件</Filter>
    </ClCompile>
    <ClCompile Include="24 deque插入和删除.cpp">
      <Filter>源文件</Filter>
    </ClCompile>
    <ClCompile Include="25 deque数据存取.cpp">
      <Filter>源文件</Filter>
    </ClCompile>
    <ClCompile Include="26 deque排序.cpp">
      <Filter>源文件</Filter>
    </ClCompile>
    <ClCompile Include="27 STL案例-评委打分.cpp">
      <Filter>源文件</Filter>
    </ClCompile>
    <ClCompile Include="28 stack栈容器.cpp">
      <Filter>源文件</Filter>
    </ClCompile>
    <ClCompile Include="29 queue队列容器.cpp">
      <Filter>源文件</Filter>
    </ClCompile>
    <ClCompile Include="30 list链表容器.cpp">
      <Filter>源文件</Filter>
    </ClCompile>
    <ClCompile Include="31 list大小操作.cpp">
      <Filter>源文件</Filter>
    </ClCompile>
    <ClCompile Include="32 list插入和删除.cpp">
      <Filter>源文件</Filter>
    </ClCompile>
    <ClCompile Include="33 list排序案例.cpp">
      <Filter>源文件</Filter>
    </ClCompile>
    <ClCompile Include="34 set二叉树容器.cpp">
      <Filter>源文件</Filter>
    </ClCompile>
    <ClCompile Include="37 pair对组.cpp">
      <Filter>源文件</Filter>
    </ClCompile>
    <ClCompile Include="35 set容器内置数据类型排序.cpp">
      <Filter>源文件</Filter>
    </ClCompile>
    <ClCompile Include="36 set容器自定义数据类型排序.cpp">
      <Filter>源文件</Filter>
    </ClCompile>
    <ClCompile Include="38 map容器.cpp">
      <Filter>源文件</Filter>
    </ClCompile>
    <ClCompile Include="39 map容器排序.cpp">
      <Filter>源文件</Filter>
    </ClCompile>
    <ClCompile Include="40 案例-员工分组.cpp">
      <Filter>源文件</Filter>
    </ClCompile>
    <ClCompile Include="41 STL函数对象.cpp">
      <Filter>源文件</Filter>
    </ClCompile>
    <ClCompile Include="42 算术仿函数.cpp">
      <Filter>源文件</Filter>
    </ClCompile>
    <ClCompile Include="43 关系仿函数.cpp">
      <Filter>源文件</Filter>
    </ClCompile>
    <ClCompile Include="44 逻辑仿函数.cpp">
      <Filter>源文件</Filter>
    </ClCompile>
    <ClCompile Include="45 遍历for_each和transform.cpp">
      <Filter>源文件</Filter>
    </ClCompile>
    <ClCompile Include="46 查找find和find_if.cpp">
      <Filter>源文件</Filter>
    </ClCompile>
    <ClCompile Include="47 adjacent_find.cpp">
      <Filter>源文件</Filter>
    </ClCompile>
    <ClCompile Include="48 binary_search二分查找.cpp">
      <Filter>源文件</Filter>
    </ClCompile>
    <ClCompile Include="49 count和count_if.cpp">
      <Filter>源文件</Filter>
    </ClCompile>
    <ClCompile Include="50 排序sort.cpp">
      <Filter>源文件</Filter>
    </ClCompile>
    <ClCompile Include="51  常用拷贝和替换算法.cpp">
      <Filter>源文件</Filter>
    </ClCompile>
    <ClCompile Include="52 常用算术生成算法.cpp">
      <Filter>源文件</Filter>
    </ClCompile>
    <ClCompile Include="53 常用集合算法.cpp">
      <Filter>源文件</Filter>
    </ClCompile>
  </ItemGroup>
</Project>